// !$*UTF8*$!
{
	archiveVersion = 1;
	classes = {
	};
	objectVersion = 56;
	objects = {

/* Begin PBXBuildFile section */
		DC68CDBA2D80728B008B3AF9 /* tercafeiraaula1App.swift in Sources */ = {isa = PBXBuildFile; fileRef = DC68CDB92D80728B008B3AF9 /* tercafeiraaula1App.swift */; };
		DC68CDBC2D80728B008B3AF9 /* ContentView.swift in Sources */ = {isa = PBXBuildFile; fileRef = DC68CDBB2D80728B008B3AF9 /* ContentView.swift */; };
		DC68CDBE2D80728D008B3AF9 /* Assets.xcassets in Resources */ = {isa = PBXBuildFile; fileRef = DC68CDBD2D80728D008B3AF9 /* Assets.xcassets */; };
		DC68CDC12D80728D008B3AF9 /* Preview Assets.xcassets in Resources */ = {isa = PBXBuildFile; fileRef = DC68CDC02D80728D008B3AF9 /* Preview Assets.xcassets */; };
		DC68CDCB2D80728D008B3AF9 /* tercafeiraaula1Tests.swift in Sources */ = {isa = PBXBuildFile; fileRef = DC68CDCA2D80728D008B3AF9 /* tercafeiraaula1Tests.swift */; };
		DC68CDD52D80728D008B3AF9 /* tercafeiraaula1UITests.swift in Sources */ = {isa = PBXBuildFile; fileRef = DC68CDD42D80728D008B3AF9 /* tercafeiraaula1UITests.swift */; };
		DC68CDD72D80728D008B3AF9 /* tercafeiraaula1UITestsLaunchTests.swift in Sources */ = {isa = PBXBuildFile; fileRef = DC68CDD62D80728D008B3AF9 /* tercafeiraaula1UITestsLaunchTests.swift */; };
/* End PBXBuildFile section */

/* Begin PBXContainerItemProxy section */
		DC68CDC72D80728D008B3AF9 /* PBXContainerItemProxy */ = {
			isa = PBXContainerItemProxy;
			containerPortal = DC68CDAE2D80728B008B3AF9 /* Project object */;
			proxyType = 1;
			remoteGlobalIDString = DC68CDB52D80728B008B3AF9;
			remoteInfo = tercafeiraaula1;
		};
		DC68CDD12D80728D008B3AF9 /* PBXContainerItemProxy */ = {
			isa = PBXContainerItemProxy;
			containerPortal = DC68CDAE2D80728B008B3AF9 /* Project object */;
			proxyType = 1;
			remoteGlobalIDString = DC68CDB52D80728B008B3AF9;
			remoteInfo = tercafeiraaula1;
		};
/* End PBXContainerItemProxy section */

/* Begin PBXFileReference section */
		DC68CDB62D80728B008B3AF9 /* tercafeiraaula1.app */ = {isa = PBXFileReference; explicitFileType = wrapper.application; includeInIndex = 0; path = tercafeiraaula1.app; sourceTree = BUILT_PRODUCTS_DIR; };
		DC68CDB92D80728B008B3AF9 /* tercafeiraaula1App.swift */ = {isa = PBXFileReference; lastKnownFileType = sourcecode.swift; path = tercafeiraaula1App.swift; sourceTree = "<group>"; };
		DC68CDBB2D80728B008B3AF9 /* ContentView.swift */ = {isa = PBXFileReference; lastKnownFileType = sourcecode.swift; path = ContentView.swift; sourceTree = "<group>"; };
		DC68CDBD2D80728D008B3AF9 /* Assets.xcassets */ = {isa = PBXFileReference; lastKnownFileType = folder.assetcatalog; path = Assets.xcassets; sourceTree = "<group>"; };
		DC68CDC02D80728D008B3AF9 /* Preview Assets.xcassets */ = {isa = PBXFileReference; lastKnownFileType = folder.assetcatalog; path = "Preview Assets.xcassets"; sourceTree = "<group>"; };
		DC68CDC62D80728D008B3AF9 /* tercafeiraaula1Tests.xctest */ = {isa = PBXFileReference; explicitFileType = wrapper.cfbundle; includeInIndex = 0; path = tercafeiraaula1Tests.xctest; sourceTree = BUILT_PRODUCTS_DIR; };
		DC68CDCA2D80728D008B3AF9 /* tercafeiraaula1Tests.swift */ = {isa = PBXFileReference; lastKnownFileType = sourcecode.swift; path = tercafeiraaula1Tests.swift; sourceTree = "<group>"; };
		DC68CDD02D80728D008B3AF9 /* tercafeiraaula1UITests.xctest */ = {isa = PBXFileReference; explicitFileType = wrapper.cfbundle; includeInIndex = 0; path = tercafeiraaula1UITests.xctest; sourceTree = BUILT_PRODUCTS_DIR; };
		DC68CDD42D80728D008B3AF9 /* tercafeiraaula1UITests.swift */ = {isa = PBXFileReference; lastKnownFileType = sourcecode.swift; path = tercafeiraaula1UITests.swift; sourceTree = "<group>"; };
		DC68CDD62D80728D008B3AF9 /* tercafeiraaula1UITestsLaunchTests.swift */ = {isa = PBXFileReference; lastKnownFileType = sourcecode.swift; path = tercafeiraaula1UITestsLaunchTests.swift; sourceTree = "<group>"; };
/* End PBXFileReference section */

/* Begin PBXFrameworksBuildPhase section */
		DC68CDB32D80728B008B3AF9 /* Frameworks */ = {
			isa = PBXFrameworksBuildPhase;
			buildActionMask = 2147483647;
			files = (
			);
			runOnlyForDeploymentPostprocessing = 0;
		};
		DC68CDC32D80728D008B3AF9 /* Frameworks */ = {
			isa = PBXFrameworksBuildPhase;
			buildActionMask = 2147483647;
			files = (
			);
			runOnlyForDeploymentPostprocessing = 0;
		};
		DC68CDCD2D80728D008B3AF9 /* Frameworks */ = {
			isa = PBXFrameworksBuildPhase;
			buildActionMask = 2147483647;
			files = (
			);
			runOnlyForDeploymentPostprocessing = 0;
		};
/* End PBXFrameworksBuildPhase section */

/* Begin PBXGroup section */
		DC68CDAD2D80728B008B3AF9 = {
			isa = PBXGroup;
			children = (
				DC68CDB82D80728B008B3AF9 /* tercafeiraaula1 */,
				DC68CDC92D80728D008B3AF9 /* tercafeiraaula1Tests */,
				DC68CDD32D80728D008B3AF9 /* tercafeiraaula1UITests */,
				DC68CDB72D80728B008B3AF9 /* Products */,
			);
			sourceTree = "<group>";
		};
		DC68CDB72D80728B008B3AF9 /* Products */ = {
			isa = PBXGroup;
			children = (
				DC68CDB62D80728B008B3AF9 /* tercafeiraaula1.app */,
				DC68CDC62D80728D008B3AF9 /* tercafeiraaula1Tests.xctest */,
				DC68CDD02D80728D008B3AF9 /* tercafeiraaula1UITests.xctest */,
			);
			name = Products;
			sourceTree = "<group>";
		};
		DC68CDB82D80728B008B3AF9 /* tercafeiraaula1 */ = {
			isa = PBXGroup;
			children = (
				DC68CDB92D80728B008B3AF9 /* tercafeiraaula1App.swift */,
				DC68CDBB2D80728B008B3AF9 /* ContentView.swift */,
				DC68CDBD2D80728D008B3AF9 /* Assets.xcassets */,
				DC68CDBF2D80728D008B3AF9 /* Preview Content */,
			);
			path = tercafeiraaula1;
			sourceTree = "<group>";
		};
		DC68CDBF2D80728D008B3AF9 /* Preview Content */ = {
			isa = PBXGroup;
			children = (
				DC68CDC02D80728D008B3AF9 /* Preview Assets.xcassets */,
			);
			path = "Preview Content";
			sourceTree = "<group>";
		};
		DC68CDC92D80728D008B3AF9 /* tercafeiraaula1Tests */ = {
			isa = PBXGroup;
			children = (
				DC68CDCA2D80728D008B3AF9 /* tercafeiraaula1Tests.swift */,
			);
			path = tercafeiraaula1Tests;
			sourceTree = "<group>";
		};
		DC68CDD32D80728D008B3AF9 /* tercafeiraaula1UITests */ = {
			isa = PBXGroup;
			children = (
				DC68CDD42D80728D008B3AF9 /* tercafeiraaula1UITests.swift */,
				DC68CDD62D80728D008B3AF9 /* tercafeiraaula1UITestsLaunchTests.swift */,
			);
			path = tercafeiraaula1UITests;
			sourceTree = "<group>";
		};
/* End PBXGroup section */

/* Begin PBXNativeTarget section */
		DC68CDB52D80728B008B3AF9 /* tercafeiraaula1 */ = {
			isa = PBXNativeTarget;
			buildConfigurationList = DC68CDDA2D80728D008B3AF9 /* Build configuration list for PBXNativeTarget "tercafeiraaula1" */;
			buildPhases = (
				DC68CDB22D80728B008B3AF9 /* Sources */,
				DC68CDB32D80728B008B3AF9 /* Frameworks */,
				DC68CDB42D80728B008B3AF9 /* Resources */,
			);
			buildRules = (
			);
			dependencies = (
			);
			name = tercafeiraaula1;
			productName = tercafeiraaula1;
			productReference = DC68CDB62D80728B008B3AF9 /* tercafeiraaula1.app */;
			productType = "com.apple.product-type.application";
		};
		DC68CDC52D80728D008B3AF9 /* tercafeiraaula1Tests */ = {
			isa = PBXNativeTarget;
			buildConfigurationList = DC68CDDD2D80728D008B3AF9 /* Build configuration list for PBXNativeTarget "tercafeiraaula1Tests" */;
			buildPhases = (
				DC68CDC22D80728D008B3AF9 /* Sources */,
				DC68CDC32D80728D008B3AF9 /* Frameworks */,
				DC68CDC42D80728D008B3AF9 /* Resources */,
			);
			buildRules = (
			);
			dependencies = (
				DC68CDC82D80728D008B3AF9 /* PBXTargetDependency */,
			);
			name = tercafeiraaula1Tests;
			productName = tercafeiraaula1Tests;
			productReference = DC68CDC62D80728D008B3AF9 /* tercafeiraaula1Tests.xctest */;
			productType = "com.apple.product-type.bundle.unit-test";
		};
		DC68CDCF2D80728D008B3AF9 /* tercafeiraaula1UITests */ = {
			isa = PBXNativeTarget;
			buildConfigurationList = DC68CDE02D80728D008B3AF9 /* Build configuration list for PBXNativeTarget "tercafeiraaula1UITests" */;
			buildPhases = (
				DC68CDCC2D80728D008B3AF9 /* Sources */,
				DC68CDCD2D80728D008B3AF9 /* Frameworks */,
				DC68CDCE2D80728D008B3AF9 /* Resources */,
			);
			buildRules = (
			);
			dependencies = (
				DC68CDD22D80728D008B3AF9 /* PBXTargetDependency */,
			);
			name = tercafeiraaula1UITests;
			productName = tercafeiraaula1UITests;
			productReference = DC68CDD02D80728D008B3AF9 /* tercafeiraaula1UITests.xctest */;
			productType = "com.apple.product-type.bundle.ui-testing";
		};
/* End PBXNativeTarget section */

/* Begin PBXProject section */
		DC68CDAE2D80728B008B3AF9 /* Project object */ = {
			isa = PBXProject;
			attributes = {
				BuildIndependentTargetsInParallel = 1;
				LastSwiftUpdateCheck = 1420;
				LastUpgradeCheck = 1420;
				TargetAttributes = {
					DC68CDB52D80728B008B3AF9 = {
						CreatedOnToolsVersion = 14.2;
					};
					DC68CDC52D80728D008B3AF9 = {
						CreatedOnToolsVersion = 14.2;
						TestTargetID = DC68CDB52D80728B008B3AF9;
					};
					DC68CDCF2D80728D008B3AF9 = {
						CreatedOnToolsVersion = 14.2;
						TestTargetID = DC68CDB52D80728B008B3AF9;
					};
				};
			};
			buildConfigurationList = DC68CDB12D80728B008B3AF9 /* Build configuration list for PBXProject "tercafeiraaula1" */;
			compatibilityVersion = "Xcode 14.0";
			developmentRegion = en;
			hasScannedForEncodings = 0;
			knownRegions = (
				en,
				Base,
			);
			mainGroup = DC68CDAD2D80728B008B3AF9;
			productRefGroup = DC68CDB72D80728B008B3AF9 /* Products */;
			projectDirPath = "";
			projectRoot = "";
			targets = (
				DC68CDB52D80728B008B3AF9 /* tercafeiraaula1 */,
				DC68CDC52D80728D008B3AF9 /* tercafeiraaula1Tests */,
				DC68CDCF2D80728D008B3AF9 /* tercafeiraaula1UITests */,
			);
		};
/* End PBXProject section */

/* Begin PBXResourcesBuildPhase section */
		DC68CDB42D80728B008B3AF9 /* Resources */ = {
			isa = PBXResourcesBuildPhase;
			buildActionMask = 2147483647;
			files = (
				DC68CDC12D80728D008B3AF9 /* Preview Assets.xcassets in Resources */,
				DC68CDBE2D80728D008B3AF9 /* Assets.xcassets in Resources */,
			);
			runOnlyForDeploymentPostprocessing = 0;
		};
		DC68CDC42D80728D008B3AF9 /* Resources */ = {
			isa = PBXResourcesBuildPhase;
			buildActionMask = 2147483647;
			files = (
			);
			runOnlyForDeploymentPostprocessing = 0;
		};
		DC68CDCE2D80728D008B3AF9 /* Resources */ = {
			isa = PBXResourcesBuildPhase;
			buildActionMask = 2147483647;
			files = (
			);
			runOnlyForDeploymentPostprocessing = 0;
		};
/* End PBXResourcesBuildPhase section */

/* Begin PBXSourcesBuildPhase section */
		DC68CDB22D80728B008B3AF9 /* Sources */ = {
			isa = PBXSourcesBuildPhase;
			buildActionMask = 2147483647;
			files = (
				DC68CDBC2D80728B008B3AF9 /* ContentView.swift in Sources */,
				DC68CDBA2D80728B008B3AF9 /* tercafeiraaula1App.swift in Sources */,
			);
			runOnlyForDeploymentPostprocessing = 0;
		};
		DC68CDC22D80728D008B3AF9 /* Sources */ = {
			isa = PBXSourcesBuildPhase;
			buildActionMask = 2147483647;
			files = (
				DC68CDCB2D80728D008B3AF9 /* tercafeiraaula1Tests.swift in Sources */,
			);
			runOnlyForDeploymentPostprocessing = 0;
		};
		DC68CDCC2D80728D008B3AF9 /* Sources */ = {
			isa = PBXSourcesBuildPhase;
			buildActionMask = 2147483647;
			files = (
				DC68CDD52D80728D008B3AF9 /* tercafeiraaula1UITests.swift in Sources */,
				DC68CDD72D80728D008B3AF9 /* tercafeiraaula1UITestsLaunchTests.swift in Sources */,
			);
			runOnlyForDeploymentPostprocessing = 0;
		};
/* End PBXSourcesBuildPhase section */

/* Begin PBXTargetDependency section */
		DC68CDC82D80728D008B3AF9 /* PBXTargetDependency */ = {
			isa = PBXTargetDependency;
			target = DC68CDB52D80728B008B3AF9 /* tercafeiraaula1 */;
			targetProxy = DC68CDC72D80728D008B3AF9 /* PBXContainerItemProxy */;
		};
		DC68CDD22D80728D008B3AF9 /* PBXTargetDependency */ = {
			isa = PBXTargetDependency;
			target = DC68CDB52D80728B008B3AF9 /* tercafeiraaula1 */;
			targetProxy = DC68CDD12D80728D008B3AF9 /* PBXContainerItemProxy */;
		};
/* End PBXTargetDependency section */

/* Begin XCBuildConfiguration section */
		DC68CDD82D80728D008B3AF9 /* Debug */ = {
			isa = XCBuildConfiguration;
			buildSettings = {
				ALWAYS_SEARCH_USER_PATHS = NO;
				CLANG_ANALYZER_NONNULL = YES;
				CLANG_ANALYZER_NUMBER_OBJECT_CONVERSION = YES_AGGRESSIVE;
				CLANG_CXX_LANGUAGE_STANDARD = "gnu++20";
				CLANG_ENABLE_MODULES = YES;
				CLANG_ENABLE_OBJC_ARC = YES;
				CLANG_ENABLE_OBJC_WEAK = YES;
				CLANG_WARN_BLOCK_CAPTURE_AUTORELEASING = YES;
				CLANG_WARN_BOOL_CONVERSION = YES;
				CLANG_WARN_COMMA = YES;
				CLANG_WARN_CONSTANT_CONVERSION = YES;
				CLANG_WARN_DEPRECATED_OBJC_IMPLEMENTATIONS = YES;
				CLANG_WARN_DIRECT_OBJC_ISA_USAGE = YES_ERROR;
				CLANG_WARN_DOCUMENTATION_COMMENTS = YES;
				CLANG_WARN_EMPTY_BODY = YES;
				CLANG_WARN_ENUM_CONVERSION = YES;
				CLANG_WARN_INFINITE_RECURSION = YES;
				CLANG_WARN_INT_CONVERSION = YES;
				CLANG_WARN_NON_LITERAL_NULL_CONVERSION = YES;
				CLANG_WARN_OBJC_IMPLICIT_RETAIN_SELF = YES;
				CLANG_WARN_OBJC_LITERAL_CONVERSION = YES;
				CLANG_WARN_OBJC_ROOT_CLASS = YES_ERROR;
				CLANG_WARN_QUOTED_INCLUDE_IN_FRAMEWORK_HEADER = YES;
				CLANG_WARN_RANGE_LOOP_ANALYSIS = YES;
				CLANG_WARN_STRICT_PROTOTYPES = YES;
				CLANG_WARN_SUSPICIOUS_MOVE = YES;
				CLANG_WARN_UNGUARDED_AVAILABILITY = YES_AGGRESSIVE;
				CLANG_WARN_UNREACHABLE_CODE = YES;
				CLANG_WARN__DUPLICATE_METHOD_MATCH = YES;
				COPY_PHASE_STRIP = NO;
				DEBUG_INFORMATION_FORMAT = dwarf;
				ENABLE_STRICT_OBJC_MSGSEND = YES;
				ENABLE_TESTABILITY = YES;
				GCC_C_LANGUAGE_STANDARD = gnu11;
				GCC_DYNAMIC_NO_PIC = NO;
				GCC_NO_COMMON_BLOCKS = YES;
				GCC_OPTIMIZATION_LEVEL = 0;
				GCC_PREPROCESSOR_DEFINITIONS = (
					"DEBUG=1",
					"$(inherited)",
				);
				GCC_WARN_64_TO_32_BIT_CONVERSION = YES;
				GCC_WARN_ABOUT_RETURN_TYPE = YES_ERROR;
				GCC_WARN_UNDECLARED_SELECTOR = YES;
				GCC_WARN_UNINITIALIZED_AUTOS = YES_AGGRESSIVE;
				GCC_WARN_UNUSED_FUNCTION = YES;
				GCC_WARN_UNUSED_VARIABLE = YES;
				IPHONEOS_DEPLOYMENT_TARGET = 16.2;
				MTL_ENABLE_DEBUG_INFO = INCLUDE_SOURCE;
				MTL_FAST_MATH = YES;
				ONLY_ACTIVE_ARCH = YES;
				SDKROOT = iphoneos;
				SWIFT_ACTIVE_COMPILATION_CONDITIONS = DEBUG;
				SWIFT_OPTIMIZATION_LEVEL = "-Onone";
			};
			name = Debug;
		};
		DC68CDD92D80728D008B3AF9 /* Release */ = {
			isa = XCBuildConfiguration;
			buildSettings = {
				ALWAYS_SEARCH_USER_PATHS = NO;
				CLANG_ANALYZER_NONNULL = YES;
				CLANG_ANALYZER_NUMBER_OBJECT_CONVERSION = YES_AGGRESSIVE;
				CLANG_CXX_LANGUAGE_STANDARD = "gnu++20";
				CLANG_ENABLE_MODULES = YES;
				CLANG_ENABLE_OBJC_ARC = YES;
				CLANG_ENABLE_OBJC_WEAK = YES;
				CLANG_WARN_BLOCK_CAPTURE_AUTORELEASING = YES;
				CLANG_WARN_BOOL_CONVERSION = YES;
				CLANG_WARN_COMMA = YES;
				CLANG_WARN_CONSTANT_CONVERSION = YES;
				CLANG_WARN_DEPRECATED_OBJC_IMPLEMENTATIONS = YES;
				CLANG_WARN_DIRECT_OBJC_ISA_USAGE = YES_ERROR;
				CLANG_WARN_DOCUMENTATION_COMMENTS = YES;
				CLANG_WARN_EMPTY_BODY = YES;
				CLANG_WARN_ENUM_CONVERSION = YES;
				CLANG_WARN_INFINITE_RECURSION = YES;
				CLANG_WARN_INT_CONVERSION = YES;
				CLANG_WARN_NON_LITERAL_NULL_CONVERSION = YES;
				CLANG_WARN_OBJC_IMPLICIT_RETAIN_SELF = YES;
				CLANG_WARN_OBJC_LITERAL_CONVERSION = YES;
				CLANG_WARN_OBJC_ROOT_CLASS = YES_ERROR;
				CLANG_WARN_QUOTED_INCLUDE_IN_FRAMEWORK_HEADER = YES;
				CLANG_WARN_RANGE_LOOP_ANALYSIS = YES;
				CLANG_WARN_STRICT_PROTOTYPES = YES;
				CLANG_WARN_SUSPICIOUS_MOVE = YES;
				CLANG_WARN_UNGUARDED_AVAILABILITY = YES_AGGRESSIVE;
				CLANG_WARN_UNREACHABLE_CODE = YES;
				CLANG_WARN__DUPLICATE_METHOD_MATCH = YES;
				COPY_PHASE_STRIP = NO;
				DEBUG_INFORMATION_FORMAT = "dwarf-with-dsym";
				ENABLE_NS_ASSERTIONS = NO;
				ENABLE_STRICT_OBJC_MSGSEND = YES;
				GCC_C_LANGUAGE_STANDARD = gnu11;
				GCC_NO_COMMON_BLOCKS = YES;
				GCC_WARN_64_TO_32_BIT_CONVERSION = YES;
				GCC_WARN_ABOUT_RETURN_TYPE = YES_ERROR;
				GCC_WARN_UNDECLARED_SELECTOR = YES;
				GCC_WARN_UNINITIALIZED_AUTOS = YES_AGGRESSIVE;
				GCC_WARN_UNUSED_FUNCTION = YES;
				GCC_WARN_UNUSED_VARIABLE = YES;
				IPHONEOS_DEPLOYMENT_TARGET = 16.2;
				MTL_ENABLE_DEBUG_INFO = NO;
				MTL_FAST_MATH = YES;
				SDKROOT = iphoneos;
				SWIFT_COMPILATION_MODE = wholemodule;
				SWIFT_OPTIMIZATION_LEVEL = "-O";
				VALIDATE_PRODUCT = YES;
			};
			name = Release;
		};
		DC68CDDB2D80728D008B3AF9 /* Debug */ = {
			isa = XCBuildConfiguration;
			buildSettings = {
				ASSETCATALOG_COMPILER_APPICON_NAME = AppIcon;
				ASSETCATALOG_COMPILER_GLOBAL_ACCENT_COLOR_NAME = AccentColor;
				CODE_SIGN_STYLE = Automatic;
				CURRENT_PROJECT_VERSION = 1;
				DEVELOPMENT_ASSET_PATHS = "\"tercafeiraaula1/Preview Content\"";
				ENABLE_PREVIEWS = YES;
				GENERATE_INFOPLIST_FILE = YES;
				INFOPLIST_KEY_UIApplicationSceneManifest_Generation = YES;
				INFOPLIST_KEY_UIApplicationSupportsIndirectInputEvents = YES;
				INFOPLIST_KEY_UILaunchScreen_Generation = YES;
				INFOPLIST_KEY_UISupportedInterfaceOrientations_iPad = "UIInterfaceOrientationPortrait UIInterfaceOrientationPortraitUpsideDown UIInterfaceOrientationLandscapeLeft UIInterfaceOrientationLandscapeRight";
				INFOPLIST_KEY_UISupportedInterfaceOrientations_iPhone = "UIInterfaceOrientationPortrait UIInterfaceOrientationLandscapeLeft UIInterfaceOrientationLandscapeRight";
				LD_RUNPATH_SEARCH_PATHS = (
					"$(inherited)",
					"@executable_path/Frameworks",
				);
				MARKETING_VERSION = 1.0;
				PRODUCT_BUNDLE_IDENTIFIER = cotemig.tercafeiraaula1;
				PRODUCT_NAME = "$(TARGET_NAME)";
				SWIFT_EMIT_LOC_STRINGS = YES;
				SWIFT_VERSION = 5.0;
				TARGETED_DEVICE_FAMILY = "1,2";
			};
			name = Debug;
		};
		DC68CDDC2D80728D008B3AF9 /* Release */ = {
			isa = XCBuildConfiguration;
			buildSettings = {
				ASSETCATALOG_COMPILER_APPICON_NAME = AppIcon;
				ASSETCATALOG_COMPILER_GLOBAL_ACCENT_COLOR_NAME = AccentColor;
				CODE_SIGN_STYLE = Automatic;
				CURRENT_PROJECT_VERSION = 1;
				DEVELOPMENT_ASSET_PATHS = "\"tercafeiraaula1/Preview Content\"";
				ENABLE_PREVIEWS = YES;
				GENERATE_INFOPLIST_FILE = YES;
				INFOPLIST_KEY_UIApplicationSceneManifest_Generation = YES;
				INFOPLIST_KEY_UIApplicationSupportsIndirectInputEvents = YES;
				INFOPLIST_KEY_UILaunchScreen_Generation = YES;
				INFOPLIST_KEY_UISupportedInterfaceOrientations_iPad = "UIInterfaceOrientationPortrait UIInterfaceOrientationPortraitUpsideDown UIInterfaceOrientationLandscapeLeft UIInterfaceOrientationLandscapeRight";
				INFOPLIST_KEY_UISupportedInterfaceOrientations_iPhone = "UIInterfaceOrientationPortrait UIInterfaceOrientationLandscapeLeft UIInterfaceOrientationLandscapeRight";
				LD_RUNPATH_SEARCH_PATHS = (
					"$(inherited)",
					"@executable_path/Frameworks",
				);
				MARKETING_VERSION = 1.0;
				PRODUCT_BUNDLE_IDENTIFIER = cotemig.tercafeiraaula1;
				PRODUCT_NAME = "$(TARGET_NAME)";
				SWIFT_EMIT_LOC_STRINGS = YES;
				SWIFT_VERSION = 5.0;
				TARGETED_DEVICE_FAMILY = "1,2";
			};
			name = Release;
		};
		DC68CDDE2D80728D008B3AF9 /* Debug */ = {
			isa = XCBuildConfiguration;
			buildSettings = {
				ALWAYS_EMBED_SWIFT_STANDARD_LIBRARIES = YES;
				BUNDLE_LOADER = "$(TEST_HOST)";
				CODE_SIGN_STYLE = Automatic;
				CURRENT_PROJECT_VERSION = 1;
				GENERATE_INFOPLIST_FILE = YES;
				IPHONEOS_DEPLOYMENT_TARGET = 16.2;
				MARKETING_VERSION = 1.0;
				PRODUCT_BUNDLE_IDENTIFIER = cotemig.tercafeiraaula1Tests;
				PRODUCT_NAME = "$(TARGET_NAME)";
				SWIFT_EMIT_LOC_STRINGS = NO;
				SWIFT_VERSION = 5.0;
				TARGETED_DEVICE_FAMILY = "1,2";
				TEST_HOST = "$(BUILT_PRODUCTS_DIR)/tercafeiraaula1.app/$(BUNDLE_EXECUTABLE_FOLDER_PATH)/tercafeiraaula1";
			};
			name = Debug;
		};
		DC68CDDF2D80728D008B3AF9 /* Release */ = {
			isa = XCBuildConfiguration;
			buildSettings = {
				ALWAYS_EMBED_SWIFT_STANDARD_LIBRARIES = YES;
				BUNDLE_LOADER = "$(TEST_HOST)";
				CODE_SIGN_STYLE = Automatic;
				CURRENT_PROJECT_VERSION = 1;
				GENERATE_INFOPLIST_FILE = YES;
				IPHONEOS_DEPLOYMENT_TARGET = 16.2;
				MARKETING_VERSION = 1.0;
				PRODUCT_BUNDLE_IDENTIFIER = cotemig.tercafeiraaula1Tests;
				PRODUCT_NAME = "$(TARGET_NAME)";
				SWIFT_EMIT_LOC_STRINGS = NO;
				SWIFT_VERSION = 5.0;
				TARGETED_DEVICE_FAMILY = "1,2";
				TEST_HOST = "$(BUILT_PRODUCTS_DIR)/tercafeiraaula1.app/$(BUNDLE_EXECUTABLE_FOLDER_PATH)/tercafeiraaula1";
			};
			name = Release;
		};
		DC68CDE12D80728D008B3AF9 /* Debug */ = {
			isa = XCBuildConfiguration;
			buildSettings = {
				ALWAYS_EMBED_SWIFT_STANDARD_LIBRARIES = YES;
				CODE_SIGN_STYLE = Automatic;
				CURRENT_PROJECT_VERSION = 1;
				GENERATE_INFOPLIST_FILE = YES;
				MARKETING_VERSION = 1.0;
				PRODUCT_BUNDLE_IDENTIFIER = cotemig.tercafeiraaula1UITests;
				PRODUCT_NAME = "$(TARGET_NAME)";
				SWIFT_EMIT_LOC_STRINGS = NO;
				SWIFT_VERSION = 5.0;
				TARGETED_DEVICE_FAMILY = "1,2";
				TEST_TARGET_NAME = tercafeiraaula1;
			};
			name = Debug;
		};
		DC68CDE22D80728D008B3AF9 /* Release */ = {
			isa = XCBuildConfiguration;
			buildSettings = {
				ALWAYS_EMBED_SWIFT_STANDARD_LIBRARIES = YES;
				CODE_SIGN_STYLE = Automatic;
				CURRENT_PROJECT_VERSION = 1;
				GENERATE_INFOPLIST_FILE = YES;
				MARKETING_VERSION = 1.0;
				PRODUCT_BUNDLE_IDENTIFIER = cotemig.tercafeiraaula1UITests;
				PRODUCT_NAME = "$(TARGET_NAME)";
				SWIFT_EMIT_LOC_STRINGS = NO;
				SWIFT_VERSION = 5.0;
				TARGETED_DEVICE_FAMILY = "1,2";
				TEST_TARGET_NAME = tercafeiraaula1;
			};
			name = Release;
		};
/* End XCBuildConfiguration section */

/* Begin XCConfigurationList section */
		DC68CDB12D80728B008B3AF9 /* Build configuration list for PBXProject "tercafeiraaula1" */ = {
			isa = XCConfigurationList;
			buildConfigurations = (
				DC68CDD82D80728D008B3AF9 /* Debug */,
				DC68CDD92D80728D008B3AF9 /* Release */,
			);
			defaultConfigurationIsVisible = 0;
			defaultConfigurationName = Release;
		};
		DC68CDDA2D80728D008B3AF9 /* Build configuration list for PBXNativeTarget "tercafeiraaula1" */ = {
			isa = XCConfigurationList;
			buildConfigurations = (
				DC68CDDB2D80728D008B3AF9 /* Debug */,
				DC68CDDC2D80728D008B3AF9 /* Release */,
			);
			defaultConfigurationIsVisible = 0;
			defaultConfigurationName = Release;
		};
		DC68CDDD2D80728D008B3AF9 /* Build configuration list for PBXNativeTarget "tercafeiraaula1Tests" */ = {
			isa = XCConfigurationList;
			buildConfigurations = (
				DC68CDDE2D80728D008B3AF9 /* Debug */,
				DC68CDDF2D80728D008B3AF9 /* Release */,
			);
			defaultConfigurationIsVisible = 0;
			defaultConfigurationName = Release;
		};
		DC68CDE02D80728D008B3AF9 /* Build configuration list for PBXNativeTarget "tercafeiraaula1UITests" */ = {
			isa = XCConfigurationList;
			buildConfigurations = (
				DC68CDE12D80728D008B3AF9 /* Debug */,
				DC68CDE22D80728D008B3AF9 /* Release */,
			);
			defaultConfigurationIsVisible = 0;
			defaultConfigurationName = Release;
		};
/* End XCConfigurationList section */
	};
	rootObject = DC68CDAE2D80728B008B3AF9 /* Project object */;
}
